
Microsoft Visual Studio Solution File, Format Version 12.00
# Visual Studio Version 17
VisualStudioVersion = 17.7.34024.191
MinimumVisualStudioVersion = 10.0.40219.1
Project("{FAE04EC0-301F-11D3-BF4B-00C04F79EFBC}") = "Assessment04", "Assessment04\Assessment04.csproj", "{C753B701-1DAB-49E4-BB61-13E810096CE6}"
EndProject
Global
	GlobalSection(SolutionConfigurationPlatforms) = preSolution
		Debug|Any CPU = Debug|Any CPU
		Release|Any CPU = Release|Any CPU
	EndGlobalSection
	GlobalSection(ProjectConfigurationPlatforms) = postSolution
		{C753B701-1DAB-49E4-BB61-13E810096CE6}.Debug|Any CPU.ActiveCfg = Debug|Any CPU
		{C753B701-1DAB-49E4-BB61-13E810096CE6}.Debug|Any CPU.Build.0 = Debug|Any CPU
		{C753B701-1DAB-49E4-BB61-13E810096CE6}.Release|Any CPU.ActiveCfg = Release|Any CPU
		{C753B701-1DAB-49E4-BB61-13E810096CE6}.Release|Any CPU.Build.0 = Release|Any CPU
	EndGlobalSection
	GlobalSection(SolutionProperties) = preSolution
		HideSolutionNode = FALSE
	EndGlobalSection
	GlobalSection(ExtensibilityGlobals) = postSolution
		SolutionGuid = {E462D719-8C06-40FB-B7B5-622999712003}
	EndGlobalSection
EndGlobal
