
Microsoft Visual Studio Solution File, Format Version 12.00
# Visual Studio Version 17
VisualStudioVersion = 17.8.34004.107
MinimumVisualStudioVersion = 10.0.40219.1
Project("{FAE04EC0-301F-11D3-BF4B-00C04F79EFBC}") = "Assessment02", "Assessment02\Assessment02.csproj", "{03859015-7E9A-415F-B9FC-CA86A9605E15}"
EndProject
Global
	GlobalSection(SolutionConfigurationPlatforms) = preSolution
		Debug|Any CPU = Debug|Any CPU
		Release|Any CPU = Release|Any CPU
	EndGlobalSection
	GlobalSection(ProjectConfigurationPlatforms) = postSolution
		{03859015-7E9A-415F-B9FC-CA86A9605E15}.Debug|Any CPU.ActiveCfg = Debug|Any CPU
		{03859015-7E9A-415F-B9FC-CA86A9605E15}.Debug|Any CPU.Build.0 = Debug|Any CPU
		{03859015-7E9A-415F-B9FC-CA86A9605E15}.Release|Any CPU.ActiveCfg = Release|Any CPU
		{03859015-7E9A-415F-B9FC-CA86A9605E15}.Release|Any CPU.Build.0 = Release|Any CPU
	EndGlobalSection
	GlobalSection(SolutionProperties) = preSolution
		HideSolutionNode = FALSE
	EndGlobalSection
	GlobalSection(ExtensibilityGlobals) = postSolution
		SolutionGuid = {075722CA-8491-449E-9204-F35AB6ED34F2}
	EndGlobalSection
EndGlobal
